// !$*UTF8*$!
{
	archiveVersion = 1;
	classes = {
	};
	objectVersion = 46;
	objects = {

/* Begin PBXBuildFile section */
		15F34417E041F3DD798BD708 /* Pods_Garrtech.framework in Frameworks */ = {isa = PBXBuildFile; fileRef = 7DB7F5E2B9971B8B8F9E9D38 /* Pods_Garrtech.framework */; };
		412023EE1DE1B71800FD4C89 /* ForgotPasswordViewController.swift in Sources */ = {isa = PBXBuildFile; fileRef = 412023ED1DE1B71800FD4C89 /* ForgotPasswordViewController.swift */; };
		412023F11DE1BFF100FD4C89 /* UIDropDown.swift in Sources */ = {isa = PBXBuildFile; fileRef = 412023F01DE1BFF100FD4C89 /* UIDropDown.swift */; };
		412023F91DE1EE7A00FD4C89 /* loanOption.swift in Sources */ = {isa = PBXBuildFile; fileRef = 412023F71DE1EE7A00FD4C89 /* loanOption.swift */; };
		412023FA1DE1EE7A00FD4C89 /* loanOptionSecondVc.swift in Sources */ = {isa = PBXBuildFile; fileRef = 412023F81DE1EE7A00FD4C89 /* loanOptionSecondVc.swift */; };
		4121D5BE1DD860E20035EE0E /* AIButton.swift in Sources */ = {isa = PBXBuildFile; fileRef = 4121D5A61DD860E20035EE0E /* AIButton.swift */; };
		4121D5BF1DD860E20035EE0E /* AILabel.swift in Sources */ = {isa = PBXBuildFile; fileRef = 4121D5A71DD860E20035EE0E /* AILabel.swift */; };
		4121D5C41DD860E20035EE0E /* AITextFieldSquare.swift in Sources */ = {isa = PBXBuildFile; fileRef = 4121D5AC1DD860E20035EE0E /* AITextFieldSquare.swift */; };
		4121D5C61DD860E20035EE0E /* Extension.swift in Sources */ = {isa = PBXBuildFile; fileRef = 4121D5AF1DD860E20035EE0E /* Extension.swift */; };
		4121D5C71DD860E20035EE0E /* String.swift in Sources */ = {isa = PBXBuildFile; fileRef = 4121D5B01DD860E20035EE0E /* String.swift */; };
		4121D5C81DD860E20035EE0E /* UIApplication.swift in Sources */ = {isa = PBXBuildFile; fileRef = 4121D5B11DD860E20035EE0E /* UIApplication.swift */; };
		4121D5C91DD860E20035EE0E /* UIButton.swift in Sources */ = {isa = PBXBuildFile; fileRef = 4121D5B21DD860E20035EE0E /* UIButton.swift */; };
		4121D5CA1DD860E20035EE0E /* UIColor.swift in Sources */ = {isa = PBXBuildFile; fileRef = 4121D5B31DD860E20035EE0E /* UIColor.swift */; };
		4121D5CB1DD860E20035EE0E /* UIFont.swift in Sources */ = {isa = PBXBuildFile; fileRef = 4121D5B41DD860E20035EE0E /* UIFont.swift */; };
		4121D5CC1DD860E20035EE0E /* UIImage.swift in Sources */ = {isa = PBXBuildFile; fileRef = 4121D5B51DD860E20035EE0E /* UIImage.swift */; };
		4121D5CD1DD860E20035EE0E /* UIImageView.swift in Sources */ = {isa = PBXBuildFile; fileRef = 4121D5B61DD860E20035EE0E /* UIImageView.swift */; };
		4121D5CE1DD860E20035EE0E /* UILabel.swift in Sources */ = {isa = PBXBuildFile; fileRef = 4121D5B71DD860E20035EE0E /* UILabel.swift */; };
		4121D5CF1DD860E20035EE0E /* UINavigationBar.swift in Sources */ = {isa = PBXBuildFile; fileRef = 4121D5B81DD860E20035EE0E /* UINavigationBar.swift */; };
		4121D5D01DD860E20035EE0E /* UISegmentControl.swift in Sources */ = {isa = PBXBuildFile; fileRef = 4121D5B91DD860E20035EE0E /* UISegmentControl.swift */; };
		4121D5D11DD860E20035EE0E /* UITableViewExtension.swift in Sources */ = {isa = PBXBuildFile; fileRef = 4121D5BA1DD860E20035EE0E /* UITableViewExtension.swift */; };
		4121D5D21DD860E20035EE0E /* UIValidation.swift in Sources */ = {isa = PBXBuildFile; fileRef = 4121D5BB1DD860E20035EE0E /* UIValidation.swift */; };
		4121D5D31DD860E20035EE0E /* UIView.swift in Sources */ = {isa = PBXBuildFile; fileRef = 4121D5BC1DD860E20035EE0E /* UIView.swift */; };
		4121D5D41DD860E20035EE0E /* UIViewController.swift in Sources */ = {isa = PBXBuildFile; fileRef = 4121D5BD1DD860E20035EE0E /* UIViewController.swift */; };
		4121D5DB1DD860ED0035EE0E /* Alert.swift in Sources */ = {isa = PBXBuildFile; fileRef = 4121D5D71DD860ED0035EE0E /* Alert.swift */; };
		4121D5DC1DD860ED0035EE0E /* AITextMacros.swift in Sources */ = {isa = PBXBuildFile; fileRef = 4121D5D91DD860ED0035EE0E /* AITextMacros.swift */; };
		4121D5DD1DD860ED0035EE0E /* Globals.swift in Sources */ = {isa = PBXBuildFile; fileRef = 4121D5DA1DD860ED0035EE0E /* Globals.swift */; };
		4121D5F21DD880990035EE0E /* AITextValidation.swift in Sources */ = {isa = PBXBuildFile; fileRef = 4121D5F11DD880990035EE0E /* AITextValidation.swift */; };
		4121D5F61DD8B6260035EE0E /* LoginViewController.swift in Sources */ = {isa = PBXBuildFile; fileRef = 4121D5F41DD8B6260035EE0E /* LoginViewController.swift */; };
		4121D5F71DD8B6260035EE0E /* RagisterViewController.swift in Sources */ = {isa = PBXBuildFile; fileRef = 4121D5F51DD8B6260035EE0E /* RagisterViewController.swift */; };
		4121D5FF1DD8B78F0035EE0E /* CompletedStepView.swift in Sources */ = {isa = PBXBuildFile; fileRef = 4121D5F91DD8B78F0035EE0E /* CompletedStepView.swift */; };
		4121D6001DD8B78F0035EE0E /* CompletedStepView.xib in Resources */ = {isa = PBXBuildFile; fileRef = 4121D5FA1DD8B78F0035EE0E /* CompletedStepView.xib */; };
		4121D6011DD8B78F0035EE0E /* LoanInformationViewController.swift in Sources */ = {isa = PBXBuildFile; fileRef = 4121D5FB1DD8B78F0035EE0E /* LoanInformationViewController.swift */; };
		4121D6021DD8B78F0035EE0E /* MessageViewController.swift in Sources */ = {isa = PBXBuildFile; fileRef = 4121D5FC1DD8B78F0035EE0E /* MessageViewController.swift */; };
		4121D6031DD8B78F0035EE0E /* MyApplicationListViewController.swift in Sources */ = {isa = PBXBuildFile; fileRef = 4121D5FD1DD8B78F0035EE0E /* MyApplicationListViewController.swift */; };
		4121D6041DD8B78F0035EE0E /* PendingApplicationViewController.swift in Sources */ = {isa = PBXBuildFile; fileRef = 4121D5FE1DD8B78F0035EE0E /* PendingApplicationViewController.swift */; };
		4121D6081DD8BB040035EE0E /* loanOptionVC.swift in Sources */ = {isa = PBXBuildFile; fileRef = 4121D6051DD8BB040035EE0E /* loanOptionVC.swift */; };
		4121D6091DD8BB040035EE0E /* ProfileVc.swift in Sources */ = {isa = PBXBuildFile; fileRef = 4121D6061DD8BB040035EE0E /* ProfileVc.swift */; };
		4121D60A1DD8BB040035EE0E /* shortLoanVc.swift in Sources */ = {isa = PBXBuildFile; fileRef = 4121D6071DD8BB040035EE0E /* shortLoanVc.swift */; };
		4121D60C1DD8C1090035EE0E /* BusinessLoanViewController.swift in Sources */ = {isa = PBXBuildFile; fileRef = 4121D60B1DD8C1090035EE0E /* BusinessLoanViewController.swift */; };
		4121D60E1DD8EDE40035EE0E /* OwnerVc.swift in Sources */ = {isa = PBXBuildFile; fileRef = 4121D60D1DD8EDE40035EE0E /* OwnerVc.swift */; };
		4121D6111DD8F1000035EE0E /* CompanyLoanViewController.swift in Sources */ = {isa = PBXBuildFile; fileRef = 4121D60F1DD8F1000035EE0E /* CompanyLoanViewController.swift */; };
		4121D6121DD8F1000035EE0E /* DocumentListViewController.swift in Sources */ = {isa = PBXBuildFile; fileRef = 4121D6101DD8F1000035EE0E /* DocumentListViewController.swift */; };
		4121D6141DD8F1150035EE0E /* ChangePasswordViewController.swift in Sources */ = {isa = PBXBuildFile; fileRef = 4121D6131DD8F1150035EE0E /* ChangePasswordViewController.swift */; };
		41228A041DE8A2CD0001AA58 /* AIAllStepValidation.swift in Sources */ = {isa = PBXBuildFile; fileRef = 41228A031DE8A2CD0001AA58 /* AIAllStepValidation.swift */; };
		4154A8DE1DEF61F300308B77 /* home.png in Resources */ = {isa = PBXBuildFile; fileRef = 4154A8DD1DEF61F300308B77 /* home.png */; };
		419330D71DDF664F00E36E28 /* BaseViewController.swift in Sources */ = {isa = PBXBuildFile; fileRef = 419330D61DDF664F00E36E28 /* BaseViewController.swift */; };
		41E9505E1DDA11EB00FC7345 /* HomeViewController.swift in Sources */ = {isa = PBXBuildFile; fileRef = 41E9505D1DDA11EB00FC7345 /* HomeViewController.swift */; };
		41E950601DDA13CE00FC7345 /* HomwViewCell.swift in Sources */ = {isa = PBXBuildFile; fileRef = 41E9505F1DDA13CE00FC7345 /* HomwViewCell.swift */; };
		BC326EBF1DD7818700C53BFC /* AppDelegate.swift in Sources */ = {isa = PBXBuildFile; fileRef = BC326EBE1DD7818700C53BFC /* AppDelegate.swift */; };
		BC326EC41DD7818700C53BFC /* Main.storyboard in Resources */ = {isa = PBXBuildFile; fileRef = BC326EC21DD7818700C53BFC /* Main.storyboard */; };
		BC326EC61DD7818700C53BFC /* Assets.xcassets in Resources */ = {isa = PBXBuildFile; fileRef = BC326EC51DD7818700C53BFC /* Assets.xcassets */; };
		BC326EC91DD7818700C53BFC /* LaunchScreen.storyboard in Resources */ = {isa = PBXBuildFile; fileRef = BC326EC71DD7818700C53BFC /* LaunchScreen.storyboard */; };
		BC51496F1DE1E26900468489 /* JTProgressHUD.m in Sources */ = {isa = PBXBuildFile; fileRef = BC51496E1DE1E26900468489 /* JTProgressHUD.m */; };
		BC5149721DE1E3C100468489 /* SPErrors.swift in Sources */ = {isa = PBXBuildFile; fileRef = BC5149711DE1E3C100468489 /* SPErrors.swift */; };
		BC51497E1DE1E3DD00468489 /* APIManager.swift in Sources */ = {isa = PBXBuildFile; fileRef = BC5149741DE1E3DD00468489 /* APIManager.swift */; };
		BC51497F1DE1E3DD00468489 /* ApplyForLoan.swift in Sources */ = {isa = PBXBuildFile; fileRef = BC5149751DE1E3DD00468489 /* ApplyForLoan.swift */; };
		BC5149801DE1E3DD00468489 /* BaseRouter.swift in Sources */ = {isa = PBXBuildFile; fileRef = BC5149761DE1E3DD00468489 /* BaseRouter.swift */; };
		BC5149811DE1E3DD00468489 /* LoanOptions.swift in Sources */ = {isa = PBXBuildFile; fileRef = BC5149771DE1E3DD00468489 /* LoanOptions.swift */; };
		BC5149821DE1E3DD00468489 /* LoanStepOne.swift in Sources */ = {isa = PBXBuildFile; fileRef = BC5149781DE1E3DD00468489 /* LoanStepOne.swift */; };
		BC5149831DE1E3DD00468489 /* LoanStepThree.swift in Sources */ = {isa = PBXBuildFile; fileRef = BC5149791DE1E3DD00468489 /* LoanStepThree.swift */; };
		BC5149841DE1E3DD00468489 /* LoanStepTwo.swift in Sources */ = {isa = PBXBuildFile; fileRef = BC51497A1DE1E3DD00468489 /* LoanStepTwo.swift */; };
		BC5149851DE1E3DD00468489 /* Login.swift in Sources */ = {isa = PBXBuildFile; fileRef = BC51497B1DE1E3DD00468489 /* Login.swift */; };
		BC5149861DE1E3DD00468489 /* Profile.swift in Sources */ = {isa = PBXBuildFile; fileRef = BC51497C1DE1E3DD00468489 /* Profile.swift */; };
		BC5149871DE1E3DD00468489 /* Register.swift in Sources */ = {isa = PBXBuildFile; fileRef = BC51497D1DE1E3DD00468489 /* Register.swift */; };
		BC63BEDF1DEB4E5700F5E92C /* Reachability.swift in Sources */ = {isa = PBXBuildFile; fileRef = BC63BEDD1DEB4E5700F5E92C /* Reachability.swift */; };
		BC87C9B51DF4211D00B6FD75 /* MyApplication.swift in Sources */ = {isa = PBXBuildFile; fileRef = BC87C9B41DF4211D00B6FD75 /* MyApplication.swift */; };
		BCB9CC411DFC667A0036F5D9 /* SceduleCallViewController.swift in Sources */ = {isa = PBXBuildFile; fileRef = BCB9CC401DFC667A0036F5D9 /* SceduleCallViewController.swift */; };
		BCB9CC431DFC6D660036F5D9 /* ScheduleCall.swift in Sources */ = {isa = PBXBuildFile; fileRef = BCB9CC421DFC6D660036F5D9 /* ScheduleCall.swift */; };
		BCC63CD01DDB67C900B8C688 /* IQNSArray+Sort.m in Sources */ = {isa = PBXBuildFile; fileRef = BCC63CAE1DDB67C900B8C688 /* IQNSArray+Sort.m */; };
		BCC63CD11DDB67CA00B8C688 /* IQUITextFieldView+Additions.m in Sources */ = {isa = PBXBuildFile; fileRef = BCC63CB01DDB67C900B8C688 /* IQUITextFieldView+Additions.m */; };
		BCC63CD21DDB67CA00B8C688 /* IQUIView+Hierarchy.m in Sources */ = {isa = PBXBuildFile; fileRef = BCC63CB21DDB67C900B8C688 /* IQUIView+Hierarchy.m */; };
		BCC63CD31DDB67CA00B8C688 /* IQUIViewController+Additions.m in Sources */ = {isa = PBXBuildFile; fileRef = BCC63CB41DDB67C900B8C688 /* IQUIViewController+Additions.m */; };
		BCC63CD41DDB67CA00B8C688 /* IQUIWindow+Hierarchy.m in Sources */ = {isa = PBXBuildFile; fileRef = BCC63CB61DDB67C900B8C688 /* IQUIWindow+Hierarchy.m */; };
		BCC63CD51DDB67CA00B8C688 /* IQKeyboardManager.m in Sources */ = {isa = PBXBuildFile; fileRef = BCC63CBB1DDB67C900B8C688 /* IQKeyboardManager.m */; };
		BCC63CD61DDB67CA00B8C688 /* IQKeyboardReturnKeyHandler.m in Sources */ = {isa = PBXBuildFile; fileRef = BCC63CBD1DDB67C900B8C688 /* IQKeyboardReturnKeyHandler.m */; };
		BCC63CD71DDB67CA00B8C688 /* IQSegmentedNextPrevious.m in Sources */ = {isa = PBXBuildFile; fileRef = BCC63CC01DDB67C900B8C688 /* IQSegmentedNextPrevious.m */; };
		BCC63CD81DDB67CA00B8C688 /* IQTextView.m in Sources */ = {isa = PBXBuildFile; fileRef = BCC63CC31DDB67C900B8C688 /* IQTextView.m */; };
		BCC63CD91DDB67CA00B8C688 /* IQBarButtonItem.m in Sources */ = {isa = PBXBuildFile; fileRef = BCC63CC61DDB67C900B8C688 /* IQBarButtonItem.m */; };
		BCC63CDA1DDB67CA00B8C688 /* IQTitleBarButtonItem.m in Sources */ = {isa = PBXBuildFile; fileRef = BCC63CC81DDB67C900B8C688 /* IQTitleBarButtonItem.m */; };
		BCC63CDB1DDB67CA00B8C688 /* IQToolbar.m in Sources */ = {isa = PBXBuildFile; fileRef = BCC63CCA1DDB67C900B8C688 /* IQToolbar.m */; };
		BCC63CDC1DDB67CA00B8C688 /* IQUIView+IQKeyboardToolbar.m in Sources */ = {isa = PBXBuildFile; fileRef = BCC63CCC1DDB67C900B8C688 /* IQUIView+IQKeyboardToolbar.m */; };
		BCC63CDD1DDB67CA00B8C688 /* IQKeyboardManager.bundle in Resources */ = {isa = PBXBuildFile; fileRef = BCC63CCF1DDB67C900B8C688 /* IQKeyboardManager.bundle */; };
		BCE6D7091DF2E27F000A9029 /* PendingApp.swift in Sources */ = {isa = PBXBuildFile; fileRef = BCE6D7081DF2E27F000A9029 /* PendingApp.swift */; };
		BCE6D70B1DF33249000A9029 /* save.png in Resources */ = {isa = PBXBuildFile; fileRef = BCE6D70A1DF33249000A9029 /* save.png */; };
		ECCC4DEF1DE1E9F6006B74F7 /* outerCircleView.swift in Sources */ = {isa = PBXBuildFile; fileRef = ECCC4DEE1DE1E9F6006B74F7 /* outerCircleView.swift */; };
/* End PBXBuildFile section */

/* Begin PBXFileReference section */
		1BAF82A7298D1FED3B854265 /* Pods-Garrtech.release.xcconfig */ = {isa = PBXFileReference; includeInIndex = 1; lastKnownFileType = text.xcconfig; name = "Pods-Garrtech.release.xcconfig"; path = "Pods/Target Support Files/Pods-Garrtech/Pods-Garrtech.release.xcconfig"; sourceTree = "<group>"; };
		412023ED1DE1B71800FD4C89 /* ForgotPasswordViewController.swift */ = {isa = PBXFileReference; fileEncoding = 4; lastKnownFileType = sourcecode.swift; path = ForgotPasswordViewController.swift; sourceTree = "<group>"; };
		412023F01DE1BFF100FD4C89 /* UIDropDown.swift */ = {isa = PBXFileReference; fileEncoding = 4; lastKnownFileType = sourcecode.swift; path = UIDropDown.swift; sourceTree = "<group>"; };
		412023F71DE1EE7A00FD4C89 /* loanOption.swift */ = {isa = PBXFileReference; fileEncoding = 4; lastKnownFileType = sourcecode.swift; path = loanOption.swift; sourceTree = "<group>"; };
		412023F81DE1EE7A00FD4C89 /* loanOptionSecondVc.swift */ = {isa = PBXFileReference; fileEncoding = 4; lastKnownFileType = sourcecode.swift; path = loanOptionSecondVc.swift; sourceTree = "<group>"; };
		4121D5A61DD860E20035EE0E /* AIButton.swift */ = {isa = PBXFileReference; fileEncoding = 4; lastKnownFileType = sourcecode.swift; path = AIButton.swift; sourceTree = "<group>"; };
		4121D5A71DD860E20035EE0E /* AILabel.swift */ = {isa = PBXFileReference; fileEncoding = 4; lastKnownFileType = sourcecode.swift; path = AILabel.swift; sourceTree = "<group>"; };
		4121D5AC1DD860E20035EE0E /* AITextFieldSquare.swift */ = {isa = PBXFileReference; fileEncoding = 4; lastKnownFileType = sourcecode.swift; path = AITextFieldSquare.swift; sourceTree = "<group>"; };
		4121D5AF1DD860E20035EE0E /* Extension.swift */ = {isa = PBXFileReference; fileEncoding = 4; lastKnownFileType = sourcecode.swift; path = Extension.swift; sourceTree = "<group>"; };
		4121D5B01DD860E20035EE0E /* String.swift */ = {isa = PBXFileReference; fileEncoding = 4; lastKnownFileType = sourcecode.swift; path = String.swift; sourceTree = "<group>"; };
		4121D5B11DD860E20035EE0E /* UIApplication.swift */ = {isa = PBXFileReference; fileEncoding = 4; lastKnownFileType = sourcecode.swift; path = UIApplication.swift; sourceTree = "<group>"; };
		4121D5B21DD860E20035EE0E /* UIButton.swift */ = {isa = PBXFileReference; fileEncoding = 4; lastKnownFileType = sourcecode.swift; path = UIButton.swift; sourceTree = "<group>"; };
		4121D5B31DD860E20035EE0E /* UIColor.swift */ = {isa = PBXFileReference; fileEncoding = 4; lastKnownFileType = sourcecode.swift; path = UIColor.swift; sourceTree = "<group>"; };
		4121D5B41DD860E20035EE0E /* UIFont.swift */ = {isa = PBXFileReference; fileEncoding = 4; lastKnownFileType = sourcecode.swift; path = UIFont.swift; sourceTree = "<group>"; };
		4121D5B51DD860E20035EE0E /* UIImage.swift */ = {isa = PBXFileReference; fileEncoding = 4; lastKnownFileType = sourcecode.swift; path = UIImage.swift; sourceTree = "<group>"; };
		4121D5B61DD860E20035EE0E /* UIImageView.swift */ = {isa = PBXFileReference; fileEncoding = 4; lastKnownFileType = sourcecode.swift; path = UIImageView.swift; sourceTree = "<group>"; };
		4121D5B71DD860E20035EE0E /* UILabel.swift */ = {isa = PBXFileReference; fileEncoding = 4; lastKnownFileType = sourcecode.swift; path = UILabel.swift; sourceTree = "<group>"; };
		4121D5B81DD860E20035EE0E /* UINavigationBar.swift */ = {isa = PBXFileReference; fileEncoding = 4; lastKnownFileType = sourcecode.swift; path = UINavigationBar.swift; sourceTree = "<group>"; };
		4121D5B91DD860E20035EE0E /* UISegmentControl.swift */ = {isa = PBXFileReference; fileEncoding = 4; lastKnownFileType = sourcecode.swift; path = UISegmentControl.swift; sourceTree = "<group>"; };
		4121D5BA1DD860E20035EE0E /* UITableViewExtension.swift */ = {isa = PBXFileReference; fileEncoding = 4; lastKnownFileType = sourcecode.swift; path = UITableViewExtension.swift; sourceTree = "<group>"; };
		4121D5BB1DD860E20035EE0E /* UIValidation.swift */ = {isa = PBXFileReference; fileEncoding = 4; lastKnownFileType = sourcecode.swift; path = UIValidation.swift; sourceTree = "<group>"; };
		4121D5BC1DD860E20035EE0E /* UIView.swift */ = {isa = PBXFileReference; fileEncoding = 4; lastKnownFileType = sourcecode.swift; path = UIView.swift; sourceTree = "<group>"; };
		4121D5BD1DD860E20035EE0E /* UIViewController.swift */ = {isa = PBXFileReference; fileEncoding = 4; lastKnownFileType = sourcecode.swift; path = UIViewController.swift; sourceTree = "<group>"; };
		4121D5D71DD860ED0035EE0E /* Alert.swift */ = {isa = PBXFileReference; fileEncoding = 4; lastKnownFileType = sourcecode.swift; path = Alert.swift; sourceTree = "<group>"; };
		4121D5D91DD860ED0035EE0E /* AITextMacros.swift */ = {isa = PBXFileReference; fileEncoding = 4; lastKnownFileType = sourcecode.swift; path = AITextMacros.swift; sourceTree = "<group>"; };
		4121D5DA1DD860ED0035EE0E /* Globals.swift */ = {isa = PBXFileReference; fileEncoding = 4; lastKnownFileType = sourcecode.swift; path = Globals.swift; sourceTree = "<group>"; };
		4121D5F11DD880990035EE0E /* AITextValidation.swift */ = {isa = PBXFileReference; fileEncoding = 4; lastKnownFileType = sourcecode.swift; path = AITextValidation.swift; sourceTree = "<group>"; };
		4121D5F41DD8B6260035EE0E /* LoginViewController.swift */ = {isa = PBXFileReference; fileEncoding = 4; lastKnownFileType = sourcecode.swift; path = LoginViewController.swift; sourceTree = "<group>"; };
		4121D5F51DD8B6260035EE0E /* RagisterViewController.swift */ = {isa = PBXFileReference; fileEncoding = 4; lastKnownFileType = sourcecode.swift; path = RagisterViewController.swift; sourceTree = "<group>"; };
		4121D5F91DD8B78F0035EE0E /* CompletedStepView.swift */ = {isa = PBXFileReference; fileEncoding = 4; lastKnownFileType = sourcecode.swift; path = CompletedStepView.swift; sourceTree = "<group>"; };
		4121D5FA1DD8B78F0035EE0E /* CompletedStepView.xib */ = {isa = PBXFileReference; fileEncoding = 4; lastKnownFileType = file.xib; path = CompletedStepView.xib; sourceTree = "<group>"; };
		4121D5FB1DD8B78F0035EE0E /* LoanInformationViewController.swift */ = {isa = PBXFileReference; fileEncoding = 4; lastKnownFileType = sourcecode.swift; path = LoanInformationViewController.swift; sourceTree = "<group>"; };
		4121D5FC1DD8B78F0035EE0E /* MessageViewController.swift */ = {isa = PBXFileReference; fileEncoding = 4; lastKnownFileType = sourcecode.swift; path = MessageViewController.swift; sourceTree = "<group>"; };
		4121D5FD1DD8B78F0035EE0E /* MyApplicationListViewController.swift */ = {isa = PBXFileReference; fileEncoding = 4; lastKnownFileType = sourcecode.swift; path = MyApplicationListViewController.swift; sourceTree = "<group>"; };
		4121D5FE1DD8B78F0035EE0E /* PendingApplicationViewController.swift */ = {isa = PBXFileReference; fileEncoding = 4; lastKnownFileType = sourcecode.swift; path = PendingApplicationViewController.swift; sourceTree = "<group>"; };
		4121D6051DD8BB040035EE0E /* loanOptionVC.swift */ = {isa = PBXFileReference; fileEncoding = 4; lastKnownFileType = sourcecode.swift; path = loanOptionVC.swift; sourceTree = "<group>"; };
		4121D6061DD8BB040035EE0E /* ProfileVc.swift */ = {isa = PBXFileReference; fileEncoding = 4; lastKnownFileType = sourcecode.swift; path = ProfileVc.swift; sourceTree = "<group>"; };
		4121D6071DD8BB040035EE0E /* shortLoanVc.swift */ = {isa = PBXFileReference; fileEncoding = 4; lastKnownFileType = sourcecode.swift; path = shortLoanVc.swift; sourceTree = "<group>"; };
		4121D60B1DD8C1090035EE0E /* BusinessLoanViewController.swift */ = {isa = PBXFileReference; fileEncoding = 4; lastKnownFileType = sourcecode.swift; path = BusinessLoanViewController.swift; sourceTree = "<group>"; };
		4121D60D1DD8EDE40035EE0E /* OwnerVc.swift */ = {isa = PBXFileReference; fileEncoding = 4; lastKnownFileType = sourcecode.swift; path = OwnerVc.swift; sourceTree = "<group>"; };
		4121D60F1DD8F1000035EE0E /* CompanyLoanViewController.swift */ = {isa = PBXFileReference; fileEncoding = 4; lastKnownFileType = sourcecode.swift; path = CompanyLoanViewController.swift; sourceTree = "<group>"; };
		4121D6101DD8F1000035EE0E /* DocumentListViewController.swift */ = {isa = PBXFileReference; fileEncoding = 4; lastKnownFileType = sourcecode.swift; path = DocumentListViewController.swift; sourceTree = "<group>"; };
		4121D6131DD8F1150035EE0E /* ChangePasswordViewController.swift */ = {isa = PBXFileReference; fileEncoding = 4; lastKnownFileType = sourcecode.swift; path = ChangePasswordViewController.swift; sourceTree = "<group>"; };
		41228A031DE8A2CD0001AA58 /* AIAllStepValidation.swift */ = {isa = PBXFileReference; fileEncoding = 4; lastKnownFileType = sourcecode.swift; path = AIAllStepValidation.swift; sourceTree = "<group>"; };
		4154A8DD1DEF61F300308B77 /* home.png */ = {isa = PBXFileReference; lastKnownFileType = image.png; path = home.png; sourceTree = "<group>"; };
		419330D61DDF664F00E36E28 /* BaseViewController.swift */ = {isa = PBXFileReference; fileEncoding = 4; lastKnownFileType = sourcecode.swift; path = BaseViewController.swift; sourceTree = "<group>"; };
		41E9505D1DDA11EB00FC7345 /* HomeViewController.swift */ = {isa = PBXFileReference; fileEncoding = 4; lastKnownFileType = sourcecode.swift; path = HomeViewController.swift; sourceTree = "<group>"; };
		41E9505F1DDA13CE00FC7345 /* HomwViewCell.swift */ = {isa = PBXFileReference; fileEncoding = 4; lastKnownFileType = sourcecode.swift; path = HomwViewCell.swift; sourceTree = "<group>"; };
		7DB7F5E2B9971B8B8F9E9D38 /* Pods_Garrtech.framework */ = {isa = PBXFileReference; explicitFileType = wrapper.framework; includeInIndex = 0; path = Pods_Garrtech.framework; sourceTree = BUILT_PRODUCTS_DIR; };
		A381CAF21C8A367C23E77A9D /* Pods-Garrtech.debug.xcconfig */ = {isa = PBXFileReference; includeInIndex = 1; lastKnownFileType = text.xcconfig; name = "Pods-Garrtech.debug.xcconfig"; path = "Pods/Target Support Files/Pods-Garrtech/Pods-Garrtech.debug.xcconfig"; sourceTree = "<group>"; };
		BC326EBB1DD7818600C53BFC /* Garrtech.app */ = {isa = PBXFileReference; explicitFileType = wrapper.application; includeInIndex = 0; path = Garrtech.app; sourceTree = BUILT_PRODUCTS_DIR; };
		BC326EBE1DD7818700C53BFC /* AppDelegate.swift */ = {isa = PBXFileReference; lastKnownFileType = sourcecode.swift; path = AppDelegate.swift; sourceTree = "<group>"; };
		BC326EC31DD7818700C53BFC /* Base */ = {isa = PBXFileReference; lastKnownFileType = file.storyboard; name = Base; path = Base.lproj/Main.storyboard; sourceTree = "<group>"; };
		BC326EC51DD7818700C53BFC /* Assets.xcassets */ = {isa = PBXFileReference; lastKnownFileType = folder.assetcatalog; path = Assets.xcassets; sourceTree = "<group>"; };
		BC326EC81DD7818700C53BFC /* Base */ = {isa = PBXFileReference; lastKnownFileType = file.storyboard; name = Base; path = Base.lproj/LaunchScreen.storyboard; sourceTree = "<group>"; };
		BC326ECA1DD7818800C53BFC /* Info.plist */ = {isa = PBXFileReference; lastKnownFileType = text.plist.xml; path = Info.plist; sourceTree = "<group>"; };
		BC45FE381DEF3F4D00936128 /* Garrtech.entitlements */ = {isa = PBXFileReference; lastKnownFileType = text.plist.entitlements; path = Garrtech.entitlements; sourceTree = "<group>"; };
		BC51496D1DE1E26900468489 /* JTProgressHUD.h */ = {isa = PBXFileReference; fileEncoding = 4; lastKnownFileType = sourcecode.c.h; path = JTProgressHUD.h; sourceTree = "<group>"; };
		BC51496E1DE1E26900468489 /* JTProgressHUD.m */ = {isa = PBXFileReference; fileEncoding = 4; lastKnownFileType = sourcecode.c.objc; path = JTProgressHUD.m; sourceTree = "<group>"; };
		BC5149701DE1E37700468489 /* Garrtech-Bridging-Header.h */ = {isa = PBXFileReference; fileEncoding = 4; lastKnownFileType = sourcecode.c.h; path = "Garrtech-Bridging-Header.h"; sourceTree = "<group>"; };
		BC5149711DE1E3C100468489 /* SPErrors.swift */ = {isa = PBXFileReference; fileEncoding = 4; lastKnownFileType = sourcecode.swift; path = SPErrors.swift; sourceTree = "<group>"; };
		BC5149741DE1E3DD00468489 /* APIManager.swift */ = {isa = PBXFileReference; fileEncoding = 4; lastKnownFileType = sourcecode.swift; path = APIManager.swift; sourceTree = "<group>"; };
		BC5149751DE1E3DD00468489 /* ApplyForLoan.swift */ = {isa = PBXFileReference; fileEncoding = 4; lastKnownFileType = sourcecode.swift; path = ApplyForLoan.swift; sourceTree = "<group>"; };
		BC5149761DE1E3DD00468489 /* BaseRouter.swift */ = {isa = PBXFileReference; fileEncoding = 4; lastKnownFileType = sourcecode.swift; path = BaseRouter.swift; sourceTree = "<group>"; };
		BC5149771DE1E3DD00468489 /* LoanOptions.swift */ = {isa = PBXFileReference; fileEncoding = 4; lastKnownFileType = sourcecode.swift; path = LoanOptions.swift; sourceTree = "<group>"; };
		BC5149781DE1E3DD00468489 /* LoanStepOne.swift */ = {isa = PBXFileReference; fileEncoding = 4; lastKnownFileType = sourcecode.swift; path = LoanStepOne.swift; sourceTree = "<group>"; };
		BC5149791DE1E3DD00468489 /* LoanStepThree.swift */ = {isa = PBXFileReference; fileEncoding = 4; lastKnownFileType = sourcecode.swift; path = LoanStepThree.swift; sourceTree = "<group>"; };
		BC51497A1DE1E3DD00468489 /* LoanStepTwo.swift */ = {isa = PBXFileReference; fileEncoding = 4; lastKnownFileType = sourcecode.swift; path = LoanStepTwo.swift; sourceTree = "<group>"; };
		BC51497B1DE1E3DD00468489 /* Login.swift */ = {isa = PBXFileReference; fileEncoding = 4; lastKnownFileType = sourcecode.swift; path = Login.swift; sourceTree = "<group>"; };
		BC51497C1DE1E3DD00468489 /* Profile.swift */ = {isa = PBXFileReference; fileEncoding = 4; lastKnownFileType = sourcecode.swift; path = Profile.swift; sourceTree = "<group>"; };
		BC51497D1DE1E3DD00468489 /* Register.swift */ = {isa = PBXFileReference; fileEncoding = 4; lastKnownFileType = sourcecode.swift; path = Register.swift; sourceTree = "<group>"; };
		BC63BEDD1DEB4E5700F5E92C /* Reachability.swift */ = {isa = PBXFileReference; fileEncoding = 4; lastKnownFileType = sourcecode.swift; path = Reachability.swift; sourceTree = "<group>"; };
		BC87C9B41DF4211D00B6FD75 /* MyApplication.swift */ = {isa = PBXFileReference; fileEncoding = 4; lastKnownFileType = sourcecode.swift; path = MyApplication.swift; sourceTree = "<group>"; };
		BCB9CC401DFC667A0036F5D9 /* SceduleCallViewController.swift */ = {isa = PBXFileReference; fileEncoding = 4; lastKnownFileType = sourcecode.swift; path = SceduleCallViewController.swift; sourceTree = "<group>"; };
		BCB9CC421DFC6D660036F5D9 /* ScheduleCall.swift */ = {isa = PBXFileReference; fileEncoding = 4; lastKnownFileType = sourcecode.swift; path = ScheduleCall.swift; sourceTree = "<group>"; };
		BCC63CAD1DDB67C900B8C688 /* IQNSArray+Sort.h */ = {isa = PBXFileReference; fileEncoding = 4; lastKnownFileType = sourcecode.c.h; path = "IQNSArray+Sort.h"; sourceTree = "<group>"; };
		BCC63CAE1DDB67C900B8C688 /* IQNSArray+Sort.m */ = {isa = PBXFileReference; fileEncoding = 4; lastKnownFileType = sourcecode.c.objc; path = "IQNSArray+Sort.m"; sourceTree = "<group>"; };
		BCC63CAF1DDB67C900B8C688 /* IQUITextFieldView+Additions.h */ = {isa = PBXFileReference; fileEncoding = 4; lastKnownFileType = sourcecode.c.h; path = "IQUITextFieldView+Additions.h"; sourceTree = "<group>"; };
		BCC63CB01DDB67C900B8C688 /* IQUITextFieldView+Additions.m */ = {isa = PBXFileReference; fileEncoding = 4; lastKnownFileType = sourcecode.c.objc; path = "IQUITextFieldView+Additions.m"; sourceTree = "<group>"; };
		BCC63CB11DDB67C900B8C688 /* IQUIView+Hierarchy.h */ = {isa = PBXFileReference; fileEncoding = 4; lastKnownFileType = sourcecode.c.h; path = "IQUIView+Hierarchy.h"; sourceTree = "<group>"; };
		BCC63CB21DDB67C900B8C688 /* IQUIView+Hierarchy.m */ = {isa = PBXFileReference; fileEncoding = 4; lastKnownFileType = sourcecode.c.objc; path = "IQUIView+Hierarchy.m"; sourceTree = "<group>"; };
		BCC63CB31DDB67C900B8C688 /* IQUIViewController+Additions.h */ = {isa = PBXFileReference; fileEncoding = 4; lastKnownFileType = sourcecode.c.h; path = "IQUIViewController+Additions.h"; sourceTree = "<group>"; };
		BCC63CB41DDB67C900B8C688 /* IQUIViewController+Additions.m */ = {isa = PBXFileReference; fileEncoding = 4; lastKnownFileType = sourcecode.c.objc; path = "IQUIViewController+Additions.m"; sourceTree = "<group>"; };
		BCC63CB51DDB67C900B8C688 /* IQUIWindow+Hierarchy.h */ = {isa = PBXFileReference; fileEncoding = 4; lastKnownFileType = sourcecode.c.h; path = "IQUIWindow+Hierarchy.h"; sourceTree = "<group>"; };
		BCC63CB61DDB67C900B8C688 /* IQUIWindow+Hierarchy.m */ = {isa = PBXFileReference; fileEncoding = 4; lastKnownFileType = sourcecode.c.objc; path = "IQUIWindow+Hierarchy.m"; sourceTree = "<group>"; };
		BCC63CB81DDB67C900B8C688 /* IQKeyboardManagerConstants.h */ = {isa = PBXFileReference; fileEncoding = 4; lastKnownFileType = sourcecode.c.h; path = IQKeyboardManagerConstants.h; sourceTree = "<group>"; };
		BCC63CB91DDB67C900B8C688 /* IQKeyboardManagerConstantsInternal.h */ = {isa = PBXFileReference; fileEncoding = 4; lastKnownFileType = sourcecode.c.h; path = IQKeyboardManagerConstantsInternal.h; sourceTree = "<group>"; };
		BCC63CBA1DDB67C900B8C688 /* IQKeyboardManager.h */ = {isa = PBXFileReference; fileEncoding = 4; lastKnownFileType = sourcecode.c.h; path = IQKeyboardManager.h; sourceTree = "<group>"; };
		BCC63CBB1DDB67C900B8C688 /* IQKeyboardManager.m */ = {isa = PBXFileReference; fileEncoding = 4; lastKnownFileType = sourcecode.c.objc; path = IQKeyboardManager.m; sourceTree = "<group>"; };
		BCC63CBC1DDB67C900B8C688 /* IQKeyboardReturnKeyHandler.h */ = {isa = PBXFileReference; fileEncoding = 4; lastKnownFileType = sourcecode.c.h; path = IQKeyboardReturnKeyHandler.h; sourceTree = "<group>"; };
		BCC63CBD1DDB67C900B8C688 /* IQKeyboardReturnKeyHandler.m */ = {isa = PBXFileReference; fileEncoding = 4; lastKnownFileType = sourcecode.c.objc; path = IQKeyboardReturnKeyHandler.m; sourceTree = "<group>"; };
		BCC63CBF1DDB67C900B8C688 /* IQSegmentedNextPrevious.h */ = {isa = PBXFileReference; fileEncoding = 4; lastKnownFileType = sourcecode.c.h; path = IQSegmentedNextPrevious.h; sourceTree = "<group>"; };
		BCC63CC01DDB67C900B8C688 /* IQSegmentedNextPrevious.m */ = {isa = PBXFileReference; fileEncoding = 4; lastKnownFileType = sourcecode.c.objc; path = IQSegmentedNextPrevious.m; sourceTree = "<group>"; };
		BCC63CC21DDB67C900B8C688 /* IQTextView.h */ = {isa = PBXFileReference; fileEncoding = 4; lastKnownFileType = sourcecode.c.h; path = IQTextView.h; sourceTree = "<group>"; };
		BCC63CC31DDB67C900B8C688 /* IQTextView.m */ = {isa = PBXFileReference; fileEncoding = 4; lastKnownFileType = sourcecode.c.objc; path = IQTextView.m; sourceTree = "<group>"; };
		BCC63CC51DDB67C900B8C688 /* IQBarButtonItem.h */ = {isa = PBXFileReference; fileEncoding = 4; lastKnownFileType = sourcecode.c.h; path = IQBarButtonItem.h; sourceTree = "<group>"; };
		BCC63CC61DDB67C900B8C688 /* IQBarButtonItem.m */ = {isa = PBXFileReference; fileEncoding = 4; lastKnownFileType = sourcecode.c.objc; path = IQBarButtonItem.m; sourceTree = "<group>"; };
		BCC63CC71DDB67C900B8C688 /* IQTitleBarButtonItem.h */ = {isa = PBXFileReference; fileEncoding = 4; lastKnownFileType = sourcecode.c.h; path = IQTitleBarButtonItem.h; sourceTree = "<group>"; };
		BCC63CC81DDB67C900B8C688 /* IQTitleBarButtonItem.m */ = {isa = PBXFileReference; fileEncoding = 4; lastKnownFileType = sourcecode.c.objc; path = IQTitleBarButtonItem.m; sourceTree = "<group>"; };
		BCC63CC91DDB67C900B8C688 /* IQToolbar.h */ = {isa = PBXFileReference; fileEncoding = 4; lastKnownFileType = sourcecode.c.h; path = IQToolbar.h; sourceTree = "<group>"; };
		BCC63CCA1DDB67C900B8C688 /* IQToolbar.m */ = {isa = PBXFileReference; fileEncoding = 4; lastKnownFileType = sourcecode.c.objc; path = IQToolbar.m; sourceTree = "<group>"; };
		BCC63CCB1DDB67C900B8C688 /* IQUIView+IQKeyboardToolbar.h */ = {isa = PBXFileReference; fileEncoding = 4; lastKnownFileType = sourcecode.c.h; path = "IQUIView+IQKeyboardToolbar.h"; sourceTree = "<group>"; };
		BCC63CCC1DDB67C900B8C688 /* IQUIView+IQKeyboardToolbar.m */ = {isa = PBXFileReference; fileEncoding = 4; lastKnownFileType = sourcecode.c.objc; path = "IQUIView+IQKeyboardToolbar.m"; sourceTree = "<group>"; };
		BCC63CCD1DDB67C900B8C688 /* KeyboardManager.h */ = {isa = PBXFileReference; fileEncoding = 4; lastKnownFileType = sourcecode.c.h; path = KeyboardManager.h; sourceTree = "<group>"; };
		BCC63CCF1DDB67C900B8C688 /* IQKeyboardManager.bundle */ = {isa = PBXFileReference; lastKnownFileType = "wrapper.plug-in"; path = IQKeyboardManager.bundle; sourceTree = "<group>"; };
		BCE6D7081DF2E27F000A9029 /* PendingApp.swift */ = {isa = PBXFileReference; fileEncoding = 4; lastKnownFileType = sourcecode.swift; path = PendingApp.swift; sourceTree = "<group>"; };
		BCE6D70A1DF33249000A9029 /* save.png */ = {isa = PBXFileReference; lastKnownFileType = image.png; path = save.png; sourceTree = "<group>"; };
		ECCC4DEE1DE1E9F6006B74F7 /* outerCircleView.swift */ = {isa = PBXFileReference; fileEncoding = 4; lastKnownFileType = sourcecode.swift; path = outerCircleView.swift; sourceTree = "<group>"; };
/* End PBXFileReference section */

/* Begin PBXFrameworksBuildPhase section */
		BC326EB81DD7818100C53BFC /* Frameworks */ = {
			isa = PBXFrameworksBuildPhase;
			buildActionMask = 2147483647;
			files = (
				15F34417E041F3DD798BD708 /* Pods_Garrtech.framework in Frameworks */,
			);
			runOnlyForDeploymentPostprocessing = 0;
		};
/* End PBXFrameworksBuildPhase section */

/* Begin PBXGroup section */
		3EF54BA8D252849F3CC37599 /* Pods */ = {
			isa = PBXGroup;
			children = (
				A381CAF21C8A367C23E77A9D /* Pods-Garrtech.debug.xcconfig */,
				1BAF82A7298D1FED3B854265 /* Pods-Garrtech.release.xcconfig */,
			);
			name = Pods;
			sourceTree = "<group>";
		};
		412023EF1DE1BFF100FD4C89 /* DropDown */ = {
			isa = PBXGroup;
			children = (
				412023F01DE1BFF100FD4C89 /* UIDropDown.swift */,
			);
			path = DropDown;
			sourceTree = "<group>";
		};
		412023F61DE1EE7A00FD4C89 /* LoanSecondOptionVC */ = {
			isa = PBXGroup;
			children = (
				412023F71DE1EE7A00FD4C89 /* loanOption.swift */,
				412023F81DE1EE7A00FD4C89 /* loanOptionSecondVc.swift */,
			);
			path = LoanSecondOptionVC;
			sourceTree = "<group>";
		};
		4121D5A41DD860E20035EE0E /* Extension */ = {
			isa = PBXGroup;
			children = (
				4121D5A51DD860E20035EE0E /* Aiobjects */,
				4121D5AE1DD860E20035EE0E /* Extension */,
			);
			path = Extension;
			sourceTree = "<group>";
		};
		4121D5A51DD860E20035EE0E /* Aiobjects */ = {
			isa = PBXGroup;
			children = (
				4121D5A61DD860E20035EE0E /* AIButton.swift */,
				4121D5A71DD860E20035EE0E /* AILabel.swift */,
				4121D5AC1DD860E20035EE0E /* AITextFieldSquare.swift */,
			);
			path = Aiobjects;
			sourceTree = "<group>";
		};
		4121D5AE1DD860E20035EE0E /* Extension */ = {
			isa = PBXGroup;
			children = (
				4121D5AF1DD860E20035EE0E /* Extension.swift */,
				4121D5B01DD860E20035EE0E /* String.swift */,
				4121D5B11DD860E20035EE0E /* UIApplication.swift */,
				4121D5B21DD860E20035EE0E /* UIButton.swift */,
				4121D5B31DD860E20035EE0E /* UIColor.swift */,
				4121D5B41DD860E20035EE0E /* UIFont.swift */,
				4121D5B51DD860E20035EE0E /* UIImage.swift */,
				4121D5B61DD860E20035EE0E /* UIImageView.swift */,
				4121D5B71DD860E20035EE0E /* UILabel.swift */,
				4121D5B81DD860E20035EE0E /* UINavigationBar.swift */,
				4121D5B91DD860E20035EE0E /* UISegmentControl.swift */,
				4121D5BA1DD860E20035EE0E /* UITableViewExtension.swift */,
				4121D5BB1DD860E20035EE0E /* UIValidation.swift */,
				4121D5BC1DD860E20035EE0E /* UIView.swift */,
				4121D5BD1DD860E20035EE0E /* UIViewController.swift */,
				BC5149711DE1E3C100468489 /* SPErrors.swift */,
			);
			path = Extension;
			sourceTree = "<group>";
		};
		4121D5D51DD860ED0035EE0E /* UTILS */ = {
			isa = PBXGroup;
			children = (
				ECCC4DED1DE1E9F5006B74F7 /* OuterSlider */,
				412023EF1DE1BFF100FD4C89 /* DropDown */,
				BCC63CAB1DDB67C900B8C688 /* IQKeyBoardManager */,
				4121D5F01DD880990035EE0E /* AITextValidation */,
				4121D5D61DD860ED0035EE0E /* Alert */,
				4121D5D81DD860ED0035EE0E /* Globals */,
			);
			path = UTILS;
			sourceTree = "<group>";
		};
		4121D5D61DD860ED0035EE0E /* Alert */ = {
			isa = PBXGroup;
			children = (
				4121D5D71DD860ED0035EE0E /* Alert.swift */,
			);
			path = Alert;
			sourceTree = "<group>";
		};
		4121D5D81DD860ED0035EE0E /* Globals */ = {
			isa = PBXGroup;
			children = (
				4121D5D91DD860ED0035EE0E /* AITextMacros.swift */,
				4121D5DA1DD860ED0035EE0E /* Globals.swift */,
			);
			path = Globals;
			sourceTree = "<group>";
		};
		4121D5DE1DD860F90035EE0E /* Assent */ = {
			isa = PBXGroup;
			children = (
			);
			path = Assent;
			sourceTree = "<group>";
		};
		4121D5F01DD880990035EE0E /* AITextValidation */ = {
			isa = PBXGroup;
			children = (
				41228A031DE8A2CD0001AA58 /* AIAllStepValidation.swift */,
				4121D5F11DD880990035EE0E /* AITextValidation.swift */,
			);
			path = AITextValidation;
			sourceTree = "<group>";
		};
		4121D5F31DD8B6260035EE0E /* AllViewController */ = {
			isa = PBXGroup;
			children = (
				412023F61DE1EE7A00FD4C89 /* LoanSecondOptionVC */,
				4121D5F41DD8B6260035EE0E /* LoginViewController.swift */,
				412023ED1DE1B71800FD4C89 /* ForgotPasswordViewController.swift */,
				4121D5F81DD8B78F0035EE0E /* CompletedStepView */,
				4121D5FD1DD8B78F0035EE0E /* MyApplicationListViewController.swift */,
				4121D5FE1DD8B78F0035EE0E /* PendingApplicationViewController.swift */,
				4121D5F51DD8B6260035EE0E /* RagisterViewController.swift */,
				4121D6061DD8BB040035EE0E /* ProfileVc.swift */,
				4121D6131DD8F1150035EE0E /* ChangePasswordViewController.swift */,
				4121D6051DD8BB040035EE0E /* loanOptionVC.swift */,
				41E9505D1DDA11EB00FC7345 /* HomeViewController.swift */,
				41E9505F1DDA13CE00FC7345 /* HomwViewCell.swift */,
				4121D6071DD8BB040035EE0E /* shortLoanVc.swift */,
				4121D5FB1DD8B78F0035EE0E /* LoanInformationViewController.swift */,
				4121D60B1DD8C1090035EE0E /* BusinessLoanViewController.swift */,
				4121D60F1DD8F1000035EE0E /* CompanyLoanViewController.swift */,
				4121D60D1DD8EDE40035EE0E /* OwnerVc.swift */,
				4121D6101DD8F1000035EE0E /* DocumentListViewController.swift */,
				4121D5FC1DD8B78F0035EE0E /* MessageViewController.swift */,
				BCB9CC401DFC667A0036F5D9 /* SceduleCallViewController.swift */,
			);
			path = AllViewController;
			sourceTree = "<group>";
		};
		4121D5F81DD8B78F0035EE0E /* CompletedStepView */ = {
			isa = PBXGroup;
			children = (
				4121D5F91DD8B78F0035EE0E /* CompletedStepView.swift */,
				4121D5FA1DD8B78F0035EE0E /* CompletedStepView.xib */,
			);
			path = CompletedStepView;
			sourceTree = "<group>";
		};
		94051B68424573F73AF209B5 /* Frameworks */ = {
			isa = PBXGroup;
			children = (
				7DB7F5E2B9971B8B8F9E9D38 /* Pods_Garrtech.framework */,
			);
			name = Frameworks;
			sourceTree = "<group>";
		};
		BC326EB21DD7818000C53BFC = {
			isa = PBXGroup;
			children = (
				BC326EBD1DD7818600C53BFC /* Garrtech */,
				BC326EBC1DD7818600C53BFC /* Products */,
				3EF54BA8D252849F3CC37599 /* Pods */,
				94051B68424573F73AF209B5 /* Frameworks */,
			);
			sourceTree = "<group>";
		};
		BC326EBC1DD7818600C53BFC /* Products */ = {
			isa = PBXGroup;
			children = (
				BC326EBB1DD7818600C53BFC /* Garrtech.app */,
			);
			name = Products;
			sourceTree = "<group>";
		};
		BC326EBD1DD7818600C53BFC /* Garrtech */ = {
			isa = PBXGroup;
			children = (
				BC45FE381DEF3F4D00936128 /* Garrtech.entitlements */,
				BC63BEDA1DEB4E5700F5E92C /* Reachability */,
				BC5149731DE1E3DD00468489 /* Service */,
				BC51496C1DE1E26900468489 /* JTProgressHUD */,
				4121D5F31DD8B6260035EE0E /* AllViewController */,
				4121D5DE1DD860F90035EE0E /* Assent */,
				4121D5D51DD860ED0035EE0E /* UTILS */,
				4121D5A41DD860E20035EE0E /* Extension */,
				BC326EBE1DD7818700C53BFC /* AppDelegate.swift */,
				419330D61DDF664F00E36E28 /* BaseViewController.swift */,
				4154A8DD1DEF61F300308B77 /* home.png */,
				BCE6D70A1DF33249000A9029 /* save.png */,
				BC5149701DE1E37700468489 /* Garrtech-Bridging-Header.h */,
				BC326EC21DD7818700C53BFC /* Main.storyboard */,
				BC326EC51DD7818700C53BFC /* Assets.xcassets */,
				BC326EC71DD7818700C53BFC /* LaunchScreen.storyboard */,
				BC326ECA1DD7818800C53BFC /* Info.plist */,
			);
			path = Garrtech;
			sourceTree = "<group>";
		};
		BC51496C1DE1E26900468489 /* JTProgressHUD */ = {
			isa = PBXGroup;
			children = (
				BC51496D1DE1E26900468489 /* JTProgressHUD.h */,
				BC51496E1DE1E26900468489 /* JTProgressHUD.m */,
			);
			path = JTProgressHUD;
			sourceTree = "<group>";
		};
		BC5149731DE1E3DD00468489 /* Service */ = {
			isa = PBXGroup;
			children = (
				BC5149741DE1E3DD00468489 /* APIManager.swift */,
				BC5149751DE1E3DD00468489 /* ApplyForLoan.swift */,
				BC5149761DE1E3DD00468489 /* BaseRouter.swift */,
				BC5149771DE1E3DD00468489 /* LoanOptions.swift */,
				BC5149781DE1E3DD00468489 /* LoanStepOne.swift */,
				BC5149791DE1E3DD00468489 /* LoanStepThree.swift */,
				BC51497A1DE1E3DD00468489 /* LoanStepTwo.swift */,
				BC51497B1DE1E3DD00468489 /* Login.swift */,
				BC51497C1DE1E3DD00468489 /* Profile.swift */,
				BC51497D1DE1E3DD00468489 /* Register.swift */,
				BCE6D7081DF2E27F000A9029 /* PendingApp.swift */,
				BC87C9B41DF4211D00B6FD75 /* MyApplication.swift */,
				BCB9CC421DFC6D660036F5D9 /* ScheduleCall.swift */,
			);
			path = Service;
			sourceTree = "<group>";
		};
		BC63BEDA1DEB4E5700F5E92C /* Reachability */ = {
			isa = PBXGroup;
			children = (
				BC63BEDD1DEB4E5700F5E92C /* Reachability.swift */,
			);
			path = Reachability;
			sourceTree = "<group>";
		};
		BCC63CAB1DDB67C900B8C688 /* IQKeyBoardManager */ = {
			isa = PBXGroup;
			children = (
				BCC63CAC1DDB67C900B8C688 /* Categories */,
				BCC63CB71DDB67C900B8C688 /* Constants */,
				BCC63CBA1DDB67C900B8C688 /* IQKeyboardManager.h */,
				BCC63CBB1DDB67C900B8C688 /* IQKeyboardManager.m */,
				BCC63CBC1DDB67C900B8C688 /* IQKeyboardReturnKeyHandler.h */,
				BCC63CBD1DDB67C900B8C688 /* IQKeyboardReturnKeyHandler.m */,
				BCC63CBE1DDB67C900B8C688 /* IQSegmentedNextPrevious */,
				BCC63CC11DDB67C900B8C688 /* IQTextView */,
				BCC63CC41DDB67C900B8C688 /* IQToolbar */,
				BCC63CCD1DDB67C900B8C688 /* KeyboardManager.h */,
				BCC63CCE1DDB67C900B8C688 /* Resources */,
			);
			path = IQKeyBoardManager;
			sourceTree = "<group>";
		};
		BCC63CAC1DDB67C900B8C688 /* Categories */ = {
			isa = PBXGroup;
			children = (
				BCC63CAD1DDB67C900B8C688 /* IQNSArray+Sort.h */,
				BCC63CAE1DDB67C900B8C688 /* IQNSArray+Sort.m */,
				BCC63CAF1DDB67C900B8C688 /* IQUITextFieldView+Additions.h */,
				BCC63CB01DDB67C900B8C688 /* IQUITextFieldView+Additions.m */,
				BCC63CB11DDB67C900B8C688 /* IQUIView+Hierarchy.h */,
				BCC63CB21DDB67C900B8C688 /* IQUIView+Hierarchy.m */,
				BCC63CB31DDB67C900B8C688 /* IQUIViewController+Additions.h */,
				BCC63CB41DDB67C900B8C688 /* IQUIViewController+Additions.m */,
				BCC63CB51DDB67C900B8C688 /* IQUIWindow+Hierarchy.h */,
				BCC63CB61DDB67C900B8C688 /* IQUIWindow+Hierarchy.m */,
			);
			path = Categories;
			sourceTree = "<group>";
		};
		BCC63CB71DDB67C900B8C688 /* Constants */ = {
			isa = PBXGroup;
			children = (
				BCC63CB81DDB67C900B8C688 /* IQKeyboardManagerConstants.h */,
				BCC63CB91DDB67C900B8C688 /* IQKeyboardManagerConstantsInternal.h */,
			);
			path = Constants;
			sourceTree = "<group>";
		};
		BCC63CBE1DDB67C900B8C688 /* IQSegmentedNextPrevious */ = {
			isa = PBXGroup;
			children = (
				BCC63CBF1DDB67C900B8C688 /* IQSegmentedNextPrevious.h */,
				BCC63CC01DDB67C900B8C688 /* IQSegmentedNextPrevious.m */,
			);
			path = IQSegmentedNextPrevious;
			sourceTree = "<group>";
		};
		BCC63CC11DDB67C900B8C688 /* IQTextView */ = {
			isa = PBXGroup;
			children = (
				BCC63CC21DDB67C900B8C688 /* IQTextView.h */,
				BCC63CC31DDB67C900B8C688 /* IQTextView.m */,
			);
			path = IQTextView;
			sourceTree = "<group>";
		};
		BCC63CC41DDB67C900B8C688 /* IQToolbar */ = {
			isa = PBXGroup;
			children = (
				BCC63CC51DDB67C900B8C688 /* IQBarButtonItem.h */,
				BCC63CC61DDB67C900B8C688 /* IQBarButtonItem.m */,
				BCC63CC71DDB67C900B8C688 /* IQTitleBarButtonItem.h */,
				BCC63CC81DDB67C900B8C688 /* IQTitleBarButtonItem.m */,
				BCC63CC91DDB67C900B8C688 /* IQToolbar.h */,
				BCC63CCA1DDB67C900B8C688 /* IQToolbar.m */,
				BCC63CCB1DDB67C900B8C688 /* IQUIView+IQKeyboardToolbar.h */,
				BCC63CCC1DDB67C900B8C688 /* IQUIView+IQKeyboardToolbar.m */,
			);
			path = IQToolbar;
			sourceTree = "<group>";
		};
		BCC63CCE1DDB67C900B8C688 /* Resources */ = {
			isa = PBXGroup;
			children = (
				BCC63CCF1DDB67C900B8C688 /* IQKeyboardManager.bundle */,
			);
			path = Resources;
			sourceTree = "<group>";
		};
		ECCC4DED1DE1E9F5006B74F7 /* OuterSlider */ = {
			isa = PBXGroup;
			children = (
				ECCC4DEE1DE1E9F6006B74F7 /* outerCircleView.swift */,
			);
			path = OuterSlider;
			sourceTree = "<group>";
		};
/* End PBXGroup section */

/* Begin PBXNativeTarget section */
		BC326EBA1DD7818100C53BFC /* Garrtech */ = {
			isa = PBXNativeTarget;
			buildConfigurationList = BC326ECD1DD7818800C53BFC /* Build configuration list for PBXNativeTarget "Garrtech" */;
			buildPhases = (
				BB0C94F8D2CE9C4155B0414D /* [CP] Check Pods Manifest.lock */,
				BC326EB71DD7818100C53BFC /* Sources */,
				BC326EB81DD7818100C53BFC /* Frameworks */,
				BC326EB91DD7818100C53BFC /* Resources */,
				9225F938FCAD85EB537140DC /* [CP] Embed Pods Frameworks */,
				FC8F471DB35C1BB02D0B61C1 /* [CP] Copy Pods Resources */,
			);
			buildRules = (
			);
			dependencies = (
			);
			name = Garrtech;
			productName = Garrtech;
			productReference = BC326EBB1DD7818600C53BFC /* Garrtech.app */;
			productType = "com.apple.product-type.application";
		};
/* End PBXNativeTarget section */

/* Begin PBXProject section */
		BC326EB31DD7818000C53BFC /* Project object */ = {
			isa = PBXProject;
			attributes = {
				LastSwiftUpdateCheck = 0800;
				LastUpgradeCheck = 0800;
				ORGANIZATIONNAME = Ankit;
				TargetAttributes = {
					BC326EBA1DD7818100C53BFC = {
						CreatedOnToolsVersion = 8.0;
						DevelopmentTeam = CLSF4H4476;
						ProvisioningStyle = Manual;
						SystemCapabilities = {
							com.apple.Push = {
								enabled = 1;
							};
						};
					};
				};
			};
			buildConfigurationList = BC326EB61DD7818100C53BFC /* Build configuration list for PBXProject "Garrtech" */;
			compatibilityVersion = "Xcode 3.2";
			developmentRegion = English;
			hasScannedForEncodings = 0;
			knownRegions = (
				en,
				Base,
			);
			mainGroup = BC326EB21DD7818000C53BFC;
			productRefGroup = BC326EBC1DD7818600C53BFC /* Products */;
			projectDirPath = "";
			projectRoot = "";
			targets = (
				BC326EBA1DD7818100C53BFC /* Garrtech */,
			);
		};
/* End PBXProject section */

/* Begin PBXResourcesBuildPhase section */
		BC326EB91DD7818100C53BFC /* Resources */ = {
			isa = PBXResourcesBuildPhase;
			buildActionMask = 2147483647;
			files = (
				BCC63CDD1DDB67CA00B8C688 /* IQKeyboardManager.bundle in Resources */,
				BC326EC91DD7818700C53BFC /* LaunchScreen.storyboard in Resources */,
				4154A8DE1DEF61F300308B77 /* home.png in Resources */,
				BC326EC61DD7818700C53BFC /* Assets.xcassets in Resources */,
				4121D6001DD8B78F0035EE0E /* CompletedStepView.xib in Resources */,
				BCE6D70B1DF33249000A9029 /* save.png in Resources */,
				BC326EC41DD7818700C53BFC /* Main.storyboard in Resources */,
			);
			runOnlyForDeploymentPostprocessing = 0;
		};
/* End PBXResourcesBuildPhase section */

/* Begin PBXShellScriptBuildPhase section */
		9225F938FCAD85EB537140DC /* [CP] Embed Pods Frameworks */ = {
			isa = PBXShellScriptBuildPhase;
			buildActionMask = 2147483647;
			files = (
			);
			inputPaths = (
			);
			name = "[CP] Embed Pods Frameworks";
			outputPaths = (
			);
			runOnlyForDeploymentPostprocessing = 0;
			shellPath = /bin/sh;
			shellScript = "\"${SRCROOT}/Pods/Target Support Files/Pods-Garrtech/Pods-Garrtech-frameworks.sh\"\n";
			showEnvVarsInLog = 0;
		};
		BB0C94F8D2CE9C4155B0414D /* [CP] Check Pods Manifest.lock */ = {
			isa = PBXShellScriptBuildPhase;
			buildActionMask = 2147483647;
			files = (
			);
			inputPaths = (
			);
			name = "[CP] Check Pods Manifest.lock";
			outputPaths = (
			);
			runOnlyForDeploymentPostprocessing = 0;
			shellPath = /bin/sh;
			shellScript = "diff \"${PODS_ROOT}/../Podfile.lock\" \"${PODS_ROOT}/Manifest.lock\" > /dev/null\nif [ $? != 0 ] ; then\n    # print error to STDERR\n    echo \"error: The sandbox is not in sync with the Podfile.lock. Run 'pod install' or update your CocoaPods installation.\" >&2\n    exit 1\nfi\n";
			showEnvVarsInLog = 0;
		};
		FC8F471DB35C1BB02D0B61C1 /* [CP] Copy Pods Resources */ = {
			isa = PBXShellScriptBuildPhase;
			buildActionMask = 2147483647;
			files = (
			);
			inputPaths = (
			);
			name = "[CP] Copy Pods Resources";
			outputPaths = (
			);
			runOnlyForDeploymentPostprocessing = 0;
			shellPath = /bin/sh;
			shellScript = "\"${SRCROOT}/Pods/Target Support Files/Pods-Garrtech/Pods-Garrtech-resources.sh\"\n";
			showEnvVarsInLog = 0;
		};
/* End PBXShellScriptBuildPhase section */

/* Begin PBXSourcesBuildPhase section */
		BC326EB71DD7818100C53BFC /* Sources */ = {
			isa = PBXSourcesBuildPhase;
			buildActionMask = 2147483647;
			files = (
				4121D5C81DD860E20035EE0E /* UIApplication.swift in Sources */,
				4121D60E1DD8EDE40035EE0E /* OwnerVc.swift in Sources */,
				BCC63CD31DDB67CA00B8C688 /* IQUIViewController+Additions.m in Sources */,
				BC51497E1DE1E3DD00468489 /* APIManager.swift in Sources */,
				BCC63CD61DDB67CA00B8C688 /* IQKeyboardReturnKeyHandler.m in Sources */,
				BCC63CD01DDB67C900B8C688 /* IQNSArray+Sort.m in Sources */,
				419330D71DDF664F00E36E28 /* BaseViewController.swift in Sources */,
				BC63BEDF1DEB4E5700F5E92C /* Reachability.swift in Sources */,
				4121D5CA1DD860E20035EE0E /* UIColor.swift in Sources */,
				BCC63CD91DDB67CA00B8C688 /* IQBarButtonItem.m in Sources */,
				BC5149851DE1E3DD00468489 /* Login.swift in Sources */,
				4121D5C91DD860E20035EE0E /* UIButton.swift in Sources */,
				4121D5DB1DD860ED0035EE0E /* Alert.swift in Sources */,
				BC87C9B51DF4211D00B6FD75 /* MyApplication.swift in Sources */,
				4121D6141DD8F1150035EE0E /* ChangePasswordViewController.swift in Sources */,
				BC5149831DE1E3DD00468489 /* LoanStepThree.swift in Sources */,
				41228A041DE8A2CD0001AA58 /* AIAllStepValidation.swift in Sources */,
				BC5149801DE1E3DD00468489 /* BaseRouter.swift in Sources */,
				4121D5D21DD860E20035EE0E /* UIValidation.swift in Sources */,
				4121D5CE1DD860E20035EE0E /* UILabel.swift in Sources */,
				4121D6021DD8B78F0035EE0E /* MessageViewController.swift in Sources */,
				BC5149871DE1E3DD00468489 /* Register.swift in Sources */,
				4121D5FF1DD8B78F0035EE0E /* CompletedStepView.swift in Sources */,
				BCC63CD41DDB67CA00B8C688 /* IQUIWindow+Hierarchy.m in Sources */,
				BCE6D7091DF2E27F000A9029 /* PendingApp.swift in Sources */,
				4121D5C71DD860E20035EE0E /* String.swift in Sources */,
				41E9505E1DDA11EB00FC7345 /* HomeViewController.swift in Sources */,
				4121D5DD1DD860ED0035EE0E /* Globals.swift in Sources */,
				4121D5D31DD860E20035EE0E /* UIView.swift in Sources */,
				4121D5D11DD860E20035EE0E /* UITableViewExtension.swift in Sources */,
				BC326EBF1DD7818700C53BFC /* AppDelegate.swift in Sources */,
				4121D5F71DD8B6260035EE0E /* RagisterViewController.swift in Sources */,
				BCC63CD11DDB67CA00B8C688 /* IQUITextFieldView+Additions.m in Sources */,
				BC5149841DE1E3DD00468489 /* LoanStepTwo.swift in Sources */,
				4121D5CB1DD860E20035EE0E /* UIFont.swift in Sources */,
				4121D5F61DD8B6260035EE0E /* LoginViewController.swift in Sources */,
				4121D6081DD8BB040035EE0E /* loanOptionVC.swift in Sources */,
				4121D5CC1DD860E20035EE0E /* UIImage.swift in Sources */,
				4121D60C1DD8C1090035EE0E /* BusinessLoanViewController.swift in Sources */,
				BCC63CDA1DDB67CA00B8C688 /* IQTitleBarButtonItem.m in Sources */,
				4121D5D41DD860E20035EE0E /* UIViewController.swift in Sources */,
				4121D5BF1DD860E20035EE0E /* AILabel.swift in Sources */,
				4121D6111DD8F1000035EE0E /* CompanyLoanViewController.swift in Sources */,
				4121D6091DD8BB040035EE0E /* ProfileVc.swift in Sources */,
				4121D5C61DD860E20035EE0E /* Extension.swift in Sources */,
				BCC63CDC1DDB67CA00B8C688 /* IQUIView+IQKeyboardToolbar.m in Sources */,
				4121D6031DD8B78F0035EE0E /* MyApplicationListViewController.swift in Sources */,
				BCC63CDB1DDB67CA00B8C688 /* IQToolbar.m in Sources */,
				412023F11DE1BFF100FD4C89 /* UIDropDown.swift in Sources */,
				BC51497F1DE1E3DD00468489 /* ApplyForLoan.swift in Sources */,
				4121D60A1DD8BB040035EE0E /* shortLoanVc.swift in Sources */,
				4121D6041DD8B78F0035EE0E /* PendingApplicationViewController.swift in Sources */,
				BC5149721DE1E3C100468489 /* SPErrors.swift in Sources */,
				BCB9CC431DFC6D660036F5D9 /* ScheduleCall.swift in Sources */,
				BCC63CD51DDB67CA00B8C688 /* IQKeyboardManager.m in Sources */,
				4121D6121DD8F1000035EE0E /* DocumentListViewController.swift in Sources */,
				412023FA1DE1EE7A00FD4C89 /* loanOptionSecondVc.swift in Sources */,
				4121D5CF1DD860E20035EE0E /* UINavigationBar.swift in Sources */,
				BC5149811DE1E3DD00468489 /* LoanOptions.swift in Sources */,
				BCC63CD71DDB67CA00B8C688 /* IQSegmentedNextPrevious.m in Sources */,
				BC5149821DE1E3DD00468489 /* LoanStepOne.swift in Sources */,
				BC51496F1DE1E26900468489 /* JTProgressHUD.m in Sources */,
				BCC63CD21DDB67CA00B8C688 /* IQUIView+Hierarchy.m in Sources */,
				BCB9CC411DFC667A0036F5D9 /* SceduleCallViewController.swift in Sources */,
				4121D5BE1DD860E20035EE0E /* AIButton.swift in Sources */,
				412023EE1DE1B71800FD4C89 /* ForgotPasswordViewController.swift in Sources */,
				BC5149861DE1E3DD00468489 /* Profile.swift in Sources */,
				BCC63CD81DDB67CA00B8C688 /* IQTextView.m in Sources */,
				4121D5F21DD880990035EE0E /* AITextValidation.swift in Sources */,
				412023F91DE1EE7A00FD4C89 /* loanOption.swift in Sources */,
				4121D5C41DD860E20035EE0E /* AITextFieldSquare.swift in Sources */,
				41E950601DDA13CE00FC7345 /* HomwViewCell.swift in Sources */,
				4121D5CD1DD860E20035EE0E /* UIImageView.swift in Sources */,
				4121D5DC1DD860ED0035EE0E /* AITextMacros.swift in Sources */,
				4121D5D01DD860E20035EE0E /* UISegmentControl.swift in Sources */,
				4121D6011DD8B78F0035EE0E /* LoanInformationViewController.swift in Sources */,
				ECCC4DEF1DE1E9F6006B74F7 /* outerCircleView.swift in Sources */,
			);
			runOnlyForDeploymentPostprocessing = 0;
		};
/* End PBXSourcesBuildPhase section */

/* Begin PBXVariantGroup section */
		BC326EC21DD7818700C53BFC /* Main.storyboard */ = {
			isa = PBXVariantGroup;
			children = (
				BC326EC31DD7818700C53BFC /* Base */,
			);
			name = Main.storyboard;
			sourceTree = "<group>";
		};
		BC326EC71DD7818700C53BFC /* LaunchScreen.storyboard */ = {
			isa = PBXVariantGroup;
			children = (
				BC326EC81DD7818700C53BFC /* Base */,
			);
			name = LaunchScreen.storyboard;
			sourceTree = "<group>";
		};
/* End PBXVariantGroup section */

/* Begin XCBuildConfiguration section */
		BC326ECB1DD7818800C53BFC /* Debug */ = {
			isa = XCBuildConfiguration;
			buildSettings = {
				ALWAYS_SEARCH_USER_PATHS = NO;
				CLANG_ANALYZER_NONNULL = YES;
				CLANG_CXX_LANGUAGE_STANDARD = "gnu++0x";
				CLANG_CXX_LIBRARY = "libc++";
				CLANG_ENABLE_MODULES = YES;
				CLANG_ENABLE_OBJC_ARC = YES;
				CLANG_WARN_BOOL_CONVERSION = YES;
				CLANG_WARN_CONSTANT_CONVERSION = YES;
				CLANG_WARN_DIRECT_OBJC_ISA_USAGE = YES_ERROR;
				CLANG_WARN_DOCUMENTATION_COMMENTS = YES;
				CLANG_WARN_EMPTY_BODY = YES;
				CLANG_WARN_ENUM_CONVERSION = YES;
				CLANG_WARN_INFINITE_RECURSION = YES;
				CLANG_WARN_INT_CONVERSION = YES;
				CLANG_WARN_OBJC_ROOT_CLASS = YES_ERROR;
				CLANG_WARN_SUSPICIOUS_MOVES = YES;
				CLANG_WARN_UNREACHABLE_CODE = YES;
				CLANG_WARN__DUPLICATE_METHOD_MATCH = YES;
				CODE_SIGN_IDENTITY = "iPhone Developer: Roberto Garraffa (D5M22T45J4)";
				"CODE_SIGN_IDENTITY[sdk=iphoneos*]" = "iPhone Developer: Roberto Garraffa (D5M22T45J4)";
				COPY_PHASE_STRIP = NO;
				DEBUG_INFORMATION_FORMAT = dwarf;
				ENABLE_STRICT_OBJC_MSGSEND = YES;
				ENABLE_TESTABILITY = YES;
				GCC_C_LANGUAGE_STANDARD = gnu99;
				GCC_DYNAMIC_NO_PIC = NO;
				GCC_NO_COMMON_BLOCKS = YES;
				GCC_OPTIMIZATION_LEVEL = 0;
				GCC_PREPROCESSOR_DEFINITIONS = (
					"DEBUG=1",
					"$(inherited)",
				);
				GCC_WARN_64_TO_32_BIT_CONVERSION = YES;
				GCC_WARN_ABOUT_RETURN_TYPE = YES_ERROR;
				GCC_WARN_UNDECLARED_SELECTOR = YES;
				GCC_WARN_UNINITIALIZED_AUTOS = YES_AGGRESSIVE;
				GCC_WARN_UNUSED_FUNCTION = YES;
				GCC_WARN_UNUSED_VARIABLE = YES;
				IPHONEOS_DEPLOYMENT_TARGET = 10.0;
				MTL_ENABLE_DEBUG_INFO = YES;
				ONLY_ACTIVE_ARCH = YES;
				PROVISIONING_PROFILE = "b7f7579c-dff8-4e3b-ad29-869cf65780bd";
				SDKROOT = iphoneos;
				SWIFT_ACTIVE_COMPILATION_CONDITIONS = DEBUG;
				SWIFT_OBJC_BRIDGING_HEADER = "Garrtech/Garrtech-Bridging-Header.h";
				SWIFT_OPTIMIZATION_LEVEL = "-Onone";
				TARGETED_DEVICE_FAMILY = "1,2";
			};
			name = Debug;
		};
		BC326ECC1DD7818800C53BFC /* Release */ = {
			isa = XCBuildConfiguration;
			buildSettings = {
				ALWAYS_SEARCH_USER_PATHS = NO;
				CLANG_ANALYZER_NONNULL = YES;
				CLANG_CXX_LANGUAGE_STANDARD = "gnu++0x";
				CLANG_CXX_LIBRARY = "libc++";
				CLANG_ENABLE_MODULES = YES;
				CLANG_ENABLE_OBJC_ARC = YES;
				CLANG_WARN_BOOL_CONVERSION = YES;
				CLANG_WARN_CONSTANT_CONVERSION = YES;
				CLANG_WARN_DIRECT_OBJC_ISA_USAGE = YES_ERROR;
				CLANG_WARN_DOCUMENTATION_COMMENTS = YES;
				CLANG_WARN_EMPTY_BODY = YES;
				CLANG_WARN_ENUM_CONVERSION = YES;
				CLANG_WARN_INFINITE_RECURSION = YES;
				CLANG_WARN_INT_CONVERSION = YES;
				CLANG_WARN_OBJC_ROOT_CLASS = YES_ERROR;
				CLANG_WARN_SUSPICIOUS_MOVES = YES;
				CLANG_WARN_UNREACHABLE_CODE = YES;
				CLANG_WARN__DUPLICATE_METHOD_MATCH = YES;
				CODE_SIGN_IDENTITY = "iPhone Developer: Roberto Garraffa (D5M22T45J4)";
				"CODE_SIGN_IDENTITY[sdk=iphoneos*]" = "iPhone Developer: Roberto Garraffa (D5M22T45J4)";
				COPY_PHASE_STRIP = NO;
				DEBUG_INFORMATION_FORMAT = "dwarf-with-dsym";
				ENABLE_NS_ASSERTIONS = NO;
				ENABLE_STRICT_OBJC_MSGSEND = YES;
				GCC_C_LANGUAGE_STANDARD = gnu99;
				GCC_NO_COMMON_BLOCKS = YES;
				GCC_WARN_64_TO_32_BIT_CONVERSION = YES;
				GCC_WARN_ABOUT_RETURN_TYPE = YES_ERROR;
				GCC_WARN_UNDECLARED_SELECTOR = YES;
				GCC_WARN_UNINITIALIZED_AUTOS = YES_AGGRESSIVE;
				GCC_WARN_UNUSED_FUNCTION = YES;
				GCC_WARN_UNUSED_VARIABLE = YES;
				IPHONEOS_DEPLOYMENT_TARGET = 10.0;
				MTL_ENABLE_DEBUG_INFO = NO;
				PROVISIONING_PROFILE = "b7f7579c-dff8-4e3b-ad29-869cf65780bd";
				SDKROOT = iphoneos;
				SWIFT_OBJC_BRIDGING_HEADER = "Garrtech/Garrtech-Bridging-Header.h";
				SWIFT_OPTIMIZATION_LEVEL = "-Owholemodule";
				TARGETED_DEVICE_FAMILY = "1,2";
				VALIDATE_PRODUCT = YES;
			};
			name = Release;
		};
		BC326ECE1DD7818800C53BFC /* Debug */ = {
			isa = XCBuildConfiguration;
			baseConfigurationReference = A381CAF21C8A367C23E77A9D /* Pods-Garrtech.debug.xcconfig */;
			buildSettings = {
				ASSETCATALOG_COMPILER_APPICON_NAME = AppIcon;
				CODE_SIGN_ENTITLEMENTS = Garrtech/Garrtech.entitlements;
				CODE_SIGN_IDENTITY = "iPhone Developer: Roberto Garraffa (D5M22T45J4)";
				"CODE_SIGN_IDENTITY[sdk=iphoneos*]" = "iPhone Developer: Roberto Garraffa (D5M22T45J4)";
				DEVELOPMENT_TEAM = CLSF4H4476;
				INFOPLIST_FILE = Garrtech/Info.plist;
				IPHONEOS_DEPLOYMENT_TARGET = 9.0;
				LD_RUNPATH_SEARCH_PATHS = "$(inherited) @executable_path/Frameworks";
				PRODUCT_BUNDLE_IDENTIFIER = com.garrtech.group;
				PRODUCT_NAME = "$(TARGET_NAME)";
				PROVISIONING_PROFILE = "b7f7579c-dff8-4e3b-ad29-869cf65780bd";
				PROVISIONING_PROFILE_SPECIFIER = GarrtechDevelopment;
				SWIFT_VERSION = 3.0;
			};
			name = Debug;
		};
		BC326ECF1DD7818800C53BFC /* Release */ = {
			isa = XCBuildConfiguration;
			baseConfigurationReference = 1BAF82A7298D1FED3B854265 /* Pods-Garrtech.release.xcconfig */;
			buildSettings = {
				ASSETCATALOG_COMPILER_APPICON_NAME = AppIcon;
				CODE_SIGN_ENTITLEMENTS = Garrtech/Garrtech.entitlements;
				CODE_SIGN_IDENTITY = "iPhone Developer: Roberto Garraffa (D5M22T45J4)";
				"CODE_SIGN_IDENTITY[sdk=iphoneos*]" = "iPhone Developer: Roberto Garraffa (D5M22T45J4)";
				DEVELOPMENT_TEAM = CLSF4H4476;
				INFOPLIST_FILE = Garrtech/Info.plist;
				IPHONEOS_DEPLOYMENT_TARGET = 9.0;
				LD_RUNPATH_SEARCH_PATHS = "$(inherited) @executable_path/Frameworks";
				PRODUCT_BUNDLE_IDENTIFIER = com.garrtech.group;
				PRODUCT_NAME = "$(TARGET_NAME)";
				PROVISIONING_PROFILE = "b7f7579c-dff8-4e3b-ad29-869cf65780bd";
				PROVISIONING_PROFILE_SPECIFIER = GarrtechDevelopment;
				SWIFT_VERSION = 3.0;
			};
			name = Release;
		};
/* End XCBuildConfiguration section */

/* Begin XCConfigurationList section */
		BC326EB61DD7818100C53BFC /* Build configuration list for PBXProject "Garrtech" */ = {
			isa = XCConfigurationList;
			buildConfigurations = (
				BC326ECB1DD7818800C53BFC /* Debug */,
				BC326ECC1DD7818800C53BFC /* Release */,
			);
			defaultConfigurationIsVisible = 0;
			defaultConfigurationName = Release;
		};
		BC326ECD1DD7818800C53BFC /* Build configuration list for PBXNativeTarget "Garrtech" */ = {
			isa = XCConfigurationList;
			buildConfigurations = (
				BC326ECE1DD7818800C53BFC /* Debug */,
				BC326ECF1DD7818800C53BFC /* Release */,
			);
			defaultConfigurationIsVisible = 0;
			defaultConfigurationName = Release;
		};
/* End XCConfigurationList section */
	};
	rootObject = BC326EB31DD7818000C53BFC /* Project object */;
}
